
Microsoft Visual Studio Solution File, Format Version 12.00
# Visual Studio 15
VisualStudioVersion = 15.0.28307.572
MinimumVisualStudioVersion = 10.0.40219.1
Project("{FAE04EC0-301F-11D3-BF4B-00C04F79EFBC}") = "API.Web", "API.Web\API.Web.csproj", "{B6EB1DF6-178A-4638-B73F-D458E7ACF198}"
EndProject
Project("{FAE04EC0-301F-11D3-BF4B-00C04F79EFBC}") = "API.Tests", "API.Tests\API.Tests.csproj", "{B3F8C6A3-6366-47E6-9991-11E241955B87}"
EndProject
Project("{FAE04EC0-301F-11D3-BF4B-00C04F79EFBC}") = "API.Model", "API.Model\API.Model.csproj", "{F6F00F22-E9D6-41D1-B774-93CC42B56D2D}"
EndProject
Global
	GlobalSection(SolutionConfigurationPlatforms) = preSolution
		Debug|Any CPU = Debug|Any CPU
		Release|Any CPU = Release|Any CPU
	EndGlobalSection
	GlobalSection(ProjectConfigurationPlatforms) = postSolution
		{B6EB1DF6-178A-4638-B73F-D458E7ACF198}.Debug|Any CPU.ActiveCfg = Debug|Any CPU
		{B6EB1DF6-178A-4638-B73F-D458E7ACF198}.Debug|Any CPU.Build.0 = Debug|Any CPU
		{B6EB1DF6-178A-4638-B73F-D458E7ACF198}.Release|Any CPU.ActiveCfg = Release|Any CPU
		{B6EB1DF6-178A-4638-B73F-D458E7ACF198}.Release|Any CPU.Build.0 = Release|Any CPU
		{B3F8C6A3-6366-47E6-9991-11E241955B87}.Debug|Any CPU.ActiveCfg = Debug|Any CPU
		{B3F8C6A3-6366-47E6-9991-11E241955B87}.Debug|Any CPU.Build.0 = Debug|Any CPU
		{B3F8C6A3-6366-47E6-9991-11E241955B87}.Release|Any CPU.ActiveCfg = Release|Any CPU
		{B3F8C6A3-6366-47E6-9991-11E241955B87}.Release|Any CPU.Build.0 = Release|Any CPU
		{F6F00F22-E9D6-41D1-B774-93CC42B56D2D}.Debug|Any CPU.ActiveCfg = Debug|Any CPU
		{F6F00F22-E9D6-41D1-B774-93CC42B56D2D}.Debug|Any CPU.Build.0 = Debug|Any CPU
		{F6F00F22-E9D6-41D1-B774-93CC42B56D2D}.Release|Any CPU.ActiveCfg = Release|Any CPU
		{F6F00F22-E9D6-41D1-B774-93CC42B56D2D}.Release|Any CPU.Build.0 = Release|Any CPU
	EndGlobalSection
	GlobalSection(SolutionProperties) = preSolution
		HideSolutionNode = FALSE
	EndGlobalSection
	GlobalSection(ExtensibilityGlobals) = postSolution
		SolutionGuid = {71D65B61-43AF-426C-8B3F-77AD502EAE4D}
	EndGlobalSection
EndGlobal
